{
  "nodes": {
    "home-manager": {
      "inputs": {
        "nixpkgs": [
          "nixpkgs"
        ]
      },
      "locked": {
        "lastModified": 1700392168,
        "narHash": "sha256-v5LprEFx3u4+1vmds9K0/i7sHjT0IYGs7u9v54iz/OA=",
        "owner": "nix-community",
        "repo": "home-manager",
        "rev": "28535c3a34d79071f2ccb68671971ce0c0984d7e",
        "type": "github"
      },
      "original": {
        "owner": "nix-community",
        "ref": "release-23.05",
        "repo": "home-manager",
        "type": "github"
      }
    },
    "nixpkgs": {
      "locked": {
        "lastModified": 1701282134,
        "narHash": "sha256-5Tm7yLcFcBqjjKAm3Asy8TK7jghjZ/eH5++kDEnlCuw=",
        "owner": "nixos",
        "repo": "nixpkgs",
        "rev": "2bc6ba12ff5e3806c41e29aaafd28c6e4fee8a70",
        "type": "github"
      },
      "original": {
        "owner": "nixos",
        "ref": "release-23.05",
        "repo": "nixpkgs",
        "type": "github"
      }
    },
    "root": {
      "inputs": {
        "home-manager": "home-manager",
        "nixpkgs": "nixpkgs"
      }
    }
  },
  "root": "root",
  "version": 7
}
